
Microsoft Visual Studio Solution File, Format Version 12.00
# Visual Studio 14
VisualStudioVersion = 14.0.25420.1
MinimumVisualStudioVersion = 10.0.40219.1
Project("{FAE04EC0-301F-11D3-BF4B-00C04F79EFBC}") = "XingKongHttpServer", "XingKongHttpServer\XingKongHttpServer.csproj", "{67954C2C-7011-4C3C-9F1C-EFFF4E1F63E9}"
EndProject
Project("{FAE04EC0-301F-11D3-BF4B-00C04F79EFBC}") = "Demo", "Demo\Demo.csproj", "{05FA86F4-526F-439D-877F-D3C0FC9BBC15}"
EndProject
Global
	GlobalSection(SolutionConfigurationPlatforms) = preSolution
		Debug|Any CPU = Debug|Any CPU
		Release|Any CPU = Release|Any CPU
	EndGlobalSection
	GlobalSection(ProjectConfigurationPlatforms) = postSolution
		{67954C2C-7011-4C3C-9F1C-EFFF4E1F63E9}.Debug|Any CPU.ActiveCfg = Debug|Any CPU
		{67954C2C-7011-4C3C-9F1C-EFFF4E1F63E9}.Debug|Any CPU.Build.0 = Debug|Any CPU
		{67954C2C-7011-4C3C-9F1C-EFFF4E1F63E9}.Release|Any CPU.ActiveCfg = Release|Any CPU
		{67954C2C-7011-4C3C-9F1C-EFFF4E1F63E9}.Release|Any CPU.Build.0 = Release|Any CPU
		{05FA86F4-526F-439D-877F-D3C0FC9BBC15}.Debug|Any CPU.ActiveCfg = Debug|Any CPU
		{05FA86F4-526F-439D-877F-D3C0FC9BBC15}.Debug|Any CPU.Build.0 = Debug|Any CPU
		{05FA86F4-526F-439D-877F-D3C0FC9BBC15}.Release|Any CPU.ActiveCfg = Release|Any CPU
		{05FA86F4-526F-439D-877F-D3C0FC9BBC15}.Release|Any CPU.Build.0 = Release|Any CPU
	EndGlobalSection
	GlobalSection(SolutionProperties) = preSolution
		HideSolutionNode = FALSE
	EndGlobalSection
EndGlobal
